
Microsoft Visual Studio Solution File, Format Version 12.00
# Visual Studio Version 17
VisualStudioVersion = 17.6.33829.357
MinimumVisualStudioVersion = 10.0.40219.1
Project("{FAE04EC0-301F-11D3-BF4B-00C04F79EFBC}") = "ARM_final", "ARM_final\ARM_final.csproj", "{47C4A374-2D78-4A9E-8332-230719EBF2D0}"
EndProject
Global
	GlobalSection(SolutionConfigurationPlatforms) = preSolution
		Debug|Any CPU = Debug|Any CPU
		Release|Any CPU = Release|Any CPU
	EndGlobalSection
	GlobalSection(ProjectConfigurationPlatforms) = postSolution
		{47C4A374-2D78-4A9E-8332-230719EBF2D0}.Debug|Any CPU.ActiveCfg = Debug|Any CPU
		{47C4A374-2D78-4A9E-8332-230719EBF2D0}.Debug|Any CPU.Build.0 = Debug|Any CPU
		{47C4A374-2D78-4A9E-8332-230719EBF2D0}.Release|Any CPU.ActiveCfg = Release|Any CPU
		{47C4A374-2D78-4A9E-8332-230719EBF2D0}.Release|Any CPU.Build.0 = Release|Any CPU
	EndGlobalSection
	GlobalSection(SolutionProperties) = preSolution
		HideSolutionNode = FALSE
	EndGlobalSection
	GlobalSection(ExtensibilityGlobals) = postSolution
		SolutionGuid = {7A321220-BF8B-4C81-8442-3D582CA096A5}
	EndGlobalSection
EndGlobal
